// !$*UTF8*$!
{
	archiveVersion = 1;
	classes = {
	};
	objectVersion = 46;
	objects = {

/* Begin PBXBuildFile section */
		7B0A929D1A5250A0002BC4BD /* QQLoginViewController.m in Sources */ = {isa = PBXBuildFile; fileRef = 7B0A929C1A5250A0002BC4BD /* QQLoginViewController.m */; };
		7B0A92A01A5274B7002BC4BD /* LVBRoundCornerButton.m in Sources */ = {isa = PBXBuildFile; fileRef = 7B0A929F1A5274B7002BC4BD /* LVBRoundCornerButton.m */; };
		7B0A92A51A529A43002BC4BD /* PhoneRegisterViewController.m in Sources */ = {isa = PBXBuildFile; fileRef = 7B0A92A31A529A43002BC4BD /* PhoneRegisterViewController.m */; };
		7B0A92A61A529A43002BC4BD /* PhoneRegisterViewController.xib in Resources */ = {isa = PBXBuildFile; fileRef = 7B0A92A41A529A43002BC4BD /* PhoneRegisterViewController.xib */; };
		7B0A92AA1A52AC21002BC4BD /* PhoneLoginViewController.m in Sources */ = {isa = PBXBuildFile; fileRef = 7B0A92A81A52AC21002BC4BD /* PhoneLoginViewController.m */; };
		7B0A92AB1A52AC21002BC4BD /* PhoneLoginViewController.xib in Resources */ = {isa = PBXBuildFile; fileRef = 7B0A92A91A52AC21002BC4BD /* PhoneLoginViewController.xib */; };
		7B0A92AF1A52ACAA002BC4BD /* UserInfoEditViewController.m in Sources */ = {isa = PBXBuildFile; fileRef = 7B0A92AD1A52ACAA002BC4BD /* UserInfoEditViewController.m */; };
		7B0A92B01A52ACAA002BC4BD /* UserInfoEditViewController.xib in Resources */ = {isa = PBXBuildFile; fileRef = 7B0A92AE1A52ACAA002BC4BD /* UserInfoEditViewController.xib */; };
		7B0A92B41A52ACC8002BC4BD /* PasswordBackViewController.m in Sources */ = {isa = PBXBuildFile; fileRef = 7B0A92B21A52ACC8002BC4BD /* PasswordBackViewController.m */; };
		7B0A92B51A52ACC8002BC4BD /* PasswordBackViewController.xib in Resources */ = {isa = PBXBuildFile; fileRef = 7B0A92B31A52ACC8002BC4BD /* PasswordBackViewController.xib */; };
		7B0A92B91A52AD0E002BC4BD /* PasswordChangeViewController.m in Sources */ = {isa = PBXBuildFile; fileRef = 7B0A92B71A52AD0E002BC4BD /* PasswordChangeViewController.m */; };
		7B0A92BA1A52AD0E002BC4BD /* PasswordChangeViewController.xib in Resources */ = {isa = PBXBuildFile; fileRef = 7B0A92B81A52AD0E002BC4BD /* PasswordChangeViewController.xib */; };
		7B182E381A2C54DB006D16D8 /* main.m in Sources */ = {isa = PBXBuildFile; fileRef = 7B182E371A2C54DB006D16D8 /* main.m */; };
		7B182E3B1A2C54DB006D16D8 /* AppDelegate.m in Sources */ = {isa = PBXBuildFile; fileRef = 7B182E3A1A2C54DB006D16D8 /* AppDelegate.m */; };
		7B182E3E1A2C54DB006D16D8 /* LvBan.xcdatamodeld in Sources */ = {isa = PBXBuildFile; fileRef = 7B182E3C1A2C54DB006D16D8 /* LvBan.xcdatamodeld */; };
		7B182E461A2C54DB006D16D8 /* Images.xcassets in Resources */ = {isa = PBXBuildFile; fileRef = 7B182E451A2C54DB006D16D8 /* Images.xcassets */; };
		7B182E491A2C54DB006D16D8 /* LaunchScreen.xib in Resources */ = {isa = PBXBuildFile; fileRef = 7B182E471A2C54DB006D16D8 /* LaunchScreen.xib */; };
		7B182E551A2C54DC006D16D8 /* LvBanTests.m in Sources */ = {isa = PBXBuildFile; fileRef = 7B182E541A2C54DC006D16D8 /* LvBanTests.m */; };
		7B182E5F1A2C553A006D16D8 /* Default-568h@2x.png in Resources */ = {isa = PBXBuildFile; fileRef = 7B182E5E1A2C553A006D16D8 /* Default-568h@2x.png */; };
		7B1B31681A400041008AB8C0 /* GlobalTimelineViewController.m in Sources */ = {isa = PBXBuildFile; fileRef = 7B1B31671A400041008AB8C0 /* GlobalTimelineViewController.m */; };
		7B1B31711A400068008AB8C0 /* PostTableViewCell.m in Sources */ = {isa = PBXBuildFile; fileRef = 7B1B31701A400068008AB8C0 /* PostTableViewCell.m */; };
		7B1B31751A400919008AB8C0 /* profile-image-placeholder.png in Resources */ = {isa = PBXBuildFile; fileRef = 7B1B31731A400919008AB8C0 /* profile-image-placeholder.png */; };
		7B1B31761A400919008AB8C0 /* profile-image-placeholder@2x.png in Resources */ = {isa = PBXBuildFile; fileRef = 7B1B31741A400919008AB8C0 /* profile-image-placeholder@2x.png */; };
		7B1B317F1A40112D008AB8C0 /* SVProgressHUD.bundle in Resources */ = {isa = PBXBuildFile; fileRef = 7B1B31791A40112D008AB8C0 /* SVProgressHUD.bundle */; };
		7B1B31801A40112D008AB8C0 /* SVProgressHUD.m in Sources */ = {isa = PBXBuildFile; fileRef = 7B1B317B1A40112D008AB8C0 /* SVProgressHUD.m */; };
		7B1B31811A40112D008AB8C0 /* CHTumblrMenuView.m in Sources */ = {isa = PBXBuildFile; fileRef = 7B1B317E1A40112D008AB8C0 /* CHTumblrMenuView.m */; };
		7B1B31841A401308008AB8C0 /* AppConsts.m in Sources */ = {isa = PBXBuildFile; fileRef = 7B1B31831A401308008AB8C0 /* AppConsts.m */; };
		7B1B318E1A401CB9008AB8C0 /* TimeLineTestModelManager.m in Sources */ = {isa = PBXBuildFile; fileRef = 7B1B318D1A401CB9008AB8C0 /* TimeLineTestModelManager.m */; };
		7BCC80031A42801A00986785 /* ButtonWithNumTipView.m in Sources */ = {isa = PBXBuildFile; fileRef = 7BCC80021A42801A00986785 /* ButtonWithNumTipView.m */; };
		7BD1DEA11A4D3CDE009BA898 /* LVBUserInfo.m in Sources */ = {isa = PBXBuildFile; fileRef = 7BD1DEA01A4D3CDE009BA898 /* LVBUserInfo.m */; };
		7BDD549F1A3E9A2C0063E768 /* AFHTTPRequestOperation.m in Sources */ = {isa = PBXBuildFile; fileRef = 7BDD547B1A3E9A2C0063E768 /* AFHTTPRequestOperation.m */; };
		7BDD54A01A3E9A2C0063E768 /* AFHTTPRequestOperationManager.m in Sources */ = {isa = PBXBuildFile; fileRef = 7BDD547D1A3E9A2C0063E768 /* AFHTTPRequestOperationManager.m */; };
		7BDD54A11A3E9A2C0063E768 /* AFHTTPSessionManager.m in Sources */ = {isa = PBXBuildFile; fileRef = 7BDD547F1A3E9A2C0063E768 /* AFHTTPSessionManager.m */; };
		7BDD54A21A3E9A2C0063E768 /* AFNetworkReachabilityManager.m in Sources */ = {isa = PBXBuildFile; fileRef = 7BDD54821A3E9A2C0063E768 /* AFNetworkReachabilityManager.m */; };
		7BDD54A31A3E9A2C0063E768 /* AFSecurityPolicy.m in Sources */ = {isa = PBXBuildFile; fileRef = 7BDD54841A3E9A2C0063E768 /* AFSecurityPolicy.m */; };
		7BDD54A41A3E9A2C0063E768 /* AFURLConnectionOperation.m in Sources */ = {isa = PBXBuildFile; fileRef = 7BDD54861A3E9A2C0063E768 /* AFURLConnectionOperation.m */; };
		7BDD54A51A3E9A2C0063E768 /* AFURLRequestSerialization.m in Sources */ = {isa = PBXBuildFile; fileRef = 7BDD54881A3E9A2C0063E768 /* AFURLRequestSerialization.m */; };
		7BDD54A61A3E9A2C0063E768 /* AFURLResponseSerialization.m in Sources */ = {isa = PBXBuildFile; fileRef = 7BDD548A1A3E9A2C0063E768 /* AFURLResponseSerialization.m */; };
		7BDD54A71A3E9A2C0063E768 /* AFURLSessionManager.m in Sources */ = {isa = PBXBuildFile; fileRef = 7BDD548C1A3E9A2C0063E768 /* AFURLSessionManager.m */; };
		7BDD54A81A3E9A2C0063E768 /* AFNetworkActivityIndicatorManager.m in Sources */ = {isa = PBXBuildFile; fileRef = 7BDD548F1A3E9A2C0063E768 /* AFNetworkActivityIndicatorManager.m */; };
		7BDD54A91A3E9A2C0063E768 /* UIActivityIndicatorView+AFNetworking.m in Sources */ = {isa = PBXBuildFile; fileRef = 7BDD54911A3E9A2C0063E768 /* UIActivityIndicatorView+AFNetworking.m */; };
		7BDD54AA1A3E9A2C0063E768 /* UIAlertView+AFNetworking.m in Sources */ = {isa = PBXBuildFile; fileRef = 7BDD54931A3E9A2C0063E768 /* UIAlertView+AFNetworking.m */; };
		7BDD54AB1A3E9A2C0063E768 /* UIButton+AFNetworking.m in Sources */ = {isa = PBXBuildFile; fileRef = 7BDD54951A3E9A2C0063E768 /* UIButton+AFNetworking.m */; };
		7BDD54AC1A3E9A2C0063E768 /* UIImageView+AFNetworking.m in Sources */ = {isa = PBXBuildFile; fileRef = 7BDD54971A3E9A2C0063E768 /* UIImageView+AFNetworking.m */; };
		7BDD54AD1A3E9A2C0063E768 /* UIProgressView+AFNetworking.m in Sources */ = {isa = PBXBuildFile; fileRef = 7BDD549A1A3E9A2C0063E768 /* UIProgressView+AFNetworking.m */; };
		7BDD54AE1A3E9A2C0063E768 /* UIRefreshControl+AFNetworking.m in Sources */ = {isa = PBXBuildFile; fileRef = 7BDD549C1A3E9A2C0063E768 /* UIRefreshControl+AFNetworking.m */; };
		7BDD54AF1A3E9A2C0063E768 /* UIWebView+AFNetworking.m in Sources */ = {isa = PBXBuildFile; fileRef = 7BDD549E1A3E9A2C0063E768 /* UIWebView+AFNetworking.m */; };
		7BDD54B31A3EAD5A0063E768 /* AFAppDotNetAPIClient.m in Sources */ = {isa = PBXBuildFile; fileRef = 7BDD54B21A3EAD5A0063E768 /* AFAppDotNetAPIClient.m */; };
		7BDD54B51A3EB63A0063E768 /* MobileCoreServices.framework in Frameworks */ = {isa = PBXBuildFile; fileRef = 7BDD54B41A3EB63A0063E768 /* MobileCoreServices.framework */; };
		7BDD54B91A3ECD980063E768 /* TimelineTestService.m in Sources */ = {isa = PBXBuildFile; fileRef = 7BDD54B81A3ECD980063E768 /* TimelineTestService.m */; };
		7BDD54BD1A3ED5050063E768 /* BaseNetworking.m in Sources */ = {isa = PBXBuildFile; fileRef = 7BDD54BC1A3ED5050063E768 /* BaseNetworking.m */; };
		7BEC69721A2EA41F006E2131 /* LVBViewController.m in Sources */ = {isa = PBXBuildFile; fileRef = 7BEC69711A2EA41F006E2131 /* LVBViewController.m */; };
		7BEC69751A2EA43C006E2131 /* LVBTableViewCell.m in Sources */ = {isa = PBXBuildFile; fileRef = 7BEC69741A2EA43C006E2131 /* LVBTableViewCell.m */; };
		7BEC697A1A2EA6CD006E2131 /* UIColor+LVBColor.m in Sources */ = {isa = PBXBuildFile; fileRef = 7BEC69791A2EA6CD006E2131 /* UIColor+LVBColor.m */; };
		7BEC697E1A2EB0ED006E2131 /* LVBUIView.m in Sources */ = {isa = PBXBuildFile; fileRef = 7BEC697D1A2EB0ED006E2131 /* LVBUIView.m */; };
		7BEC69811A2EB362006E2131 /* UIFont+LVBFont.m in Sources */ = {isa = PBXBuildFile; fileRef = 7BEC69801A2EB362006E2131 /* UIFont+LVBFont.m */; };
		7BEC69841A2ED894006E2131 /* LVBUIButton.m in Sources */ = {isa = PBXBuildFile; fileRef = 7BEC69831A2ED894006E2131 /* LVBUIButton.m */; };
		7BEC69871A2ED8A3006E2131 /* LVBUILabel.m in Sources */ = {isa = PBXBuildFile; fileRef = 7BEC69861A2ED8A3006E2131 /* LVBUILabel.m */; };
		7BEC698B1A2EDE7A006E2131 /* LoginHomeViewController.m in Sources */ = {isa = PBXBuildFile; fileRef = 7BEC69891A2EDE7A006E2131 /* LoginHomeViewController.m */; };
		7BEC698C1A2EDE7A006E2131 /* LoginHomeViewController.xib in Resources */ = {isa = PBXBuildFile; fileRef = 7BEC698A1A2EDE7A006E2131 /* LoginHomeViewController.xib */; };
		7BEC69911A2EFF78006E2131 /* TencentOpenAPI.framework in Frameworks */ = {isa = PBXBuildFile; fileRef = 7BEC69901A2EFF78006E2131 /* TencentOpenAPI.framework */; };
		7BEC69931A2EFF99006E2131 /* Security.framework in Frameworks */ = {isa = PBXBuildFile; fileRef = 7BEC69921A2EFF99006E2131 /* Security.framework */; };
		7BEC69951A2EFFA6006E2131 /* libiconv.dylib in Frameworks */ = {isa = PBXBuildFile; fileRef = 7BEC69941A2EFFA6006E2131 /* libiconv.dylib */; };
		7BEC69971A2EFFB4006E2131 /* SystemConfiguration.framework in Frameworks */ = {isa = PBXBuildFile; fileRef = 7BEC69961A2EFFB4006E2131 /* SystemConfiguration.framework */; };
		7BEC69991A2EFFBD006E2131 /* CoreGraphics.framework in Frameworks */ = {isa = PBXBuildFile; fileRef = 7BEC69981A2EFFBD006E2131 /* CoreGraphics.framework */; };
		7BEC699B1A2EFFC9006E2131 /* libsqlite3.dylib in Frameworks */ = {isa = PBXBuildFile; fileRef = 7BEC699A1A2EFFC9006E2131 /* libsqlite3.dylib */; };
		7BEC699D1A2EFFD5006E2131 /* CoreTelephony.framework in Frameworks */ = {isa = PBXBuildFile; fileRef = 7BEC699C1A2EFFD5006E2131 /* CoreTelephony.framework */; };
		7BEC69A41A2F009A006E2131 /* TencentOpenApi_IOS_Bundle.bundle in Resources */ = {isa = PBXBuildFile; fileRef = 7BEC69A31A2F009A006E2131 /* TencentOpenApi_IOS_Bundle.bundle */; };
		7BEC69A81A2F13E6006E2131 /* libstdc++.dylib in Frameworks */ = {isa = PBXBuildFile; fileRef = 7BEC69A71A2F13E6006E2131 /* libstdc++.dylib */; };
		7BEC69AA1A2F13F4006E2131 /* libz.dylib in Frameworks */ = {isa = PBXBuildFile; fileRef = 7BEC69A91A2F13F4006E2131 /* libz.dylib */; };
		7BF2A5C51A414BC0007EB09F /* PostTest.m in Sources */ = {isa = PBXBuildFile; fileRef = 7BF2A5C41A414BC0007EB09F /* PostTest.m */; };
/* End PBXBuildFile section */

/* Begin PBXContainerItemProxy section */
		7B182E4F1A2C54DC006D16D8 /* PBXContainerItemProxy */ = {
			isa = PBXContainerItemProxy;
			containerPortal = 7B182E2A1A2C54DB006D16D8 /* Project object */;
			proxyType = 1;
			remoteGlobalIDString = 7B182E311A2C54DB006D16D8;
			remoteInfo = LvBan;
		};
/* End PBXContainerItemProxy section */

/* Begin PBXFileReference section */
		7B0A929B1A5250A0002BC4BD /* QQLoginViewController.h */ = {isa = PBXFileReference; fileEncoding = 4; lastKnownFileType = sourcecode.c.h; path = QQLoginViewController.h; sourceTree = "<group>"; };
		7B0A929C1A5250A0002BC4BD /* QQLoginViewController.m */ = {isa = PBXFileReference; fileEncoding = 4; lastKnownFileType = sourcecode.c.objc; path = QQLoginViewController.m; sourceTree = "<group>"; };
		7B0A929E1A5274B7002BC4BD /* LVBRoundCornerButton.h */ = {isa = PBXFileReference; fileEncoding = 4; lastKnownFileType = sourcecode.c.h; path = LVBRoundCornerButton.h; sourceTree = "<group>"; };
		7B0A929F1A5274B7002BC4BD /* LVBRoundCornerButton.m */ = {isa = PBXFileReference; fileEncoding = 4; lastKnownFileType = sourcecode.c.objc; path = LVBRoundCornerButton.m; sourceTree = "<group>"; };
		7B0A92A21A529A43002BC4BD /* PhoneRegisterViewController.h */ = {isa = PBXFileReference; fileEncoding = 4; lastKnownFileType = sourcecode.c.h; path = PhoneRegisterViewController.h; sourceTree = "<group>"; };
		7B0A92A31A529A43002BC4BD /* PhoneRegisterViewController.m */ = {isa = PBXFileReference; fileEncoding = 4; lastKnownFileType = sourcecode.c.objc; path = PhoneRegisterViewController.m; sourceTree = "<group>"; };
		7B0A92A41A529A43002BC4BD /* PhoneRegisterViewController.xib */ = {isa = PBXFileReference; fileEncoding = 4; lastKnownFileType = file.xib; path = PhoneRegisterViewController.xib; sourceTree = "<group>"; };
		7B0A92A71A52AC21002BC4BD /* PhoneLoginViewController.h */ = {isa = PBXFileReference; fileEncoding = 4; lastKnownFileType = sourcecode.c.h; path = PhoneLoginViewController.h; sourceTree = "<group>"; };
		7B0A92A81A52AC21002BC4BD /* PhoneLoginViewController.m */ = {isa = PBXFileReference; fileEncoding = 4; lastKnownFileType = sourcecode.c.objc; path = PhoneLoginViewController.m; sourceTree = "<group>"; };
		7B0A92A91A52AC21002BC4BD /* PhoneLoginViewController.xib */ = {isa = PBXFileReference; fileEncoding = 4; lastKnownFileType = file.xib; path = PhoneLoginViewController.xib; sourceTree = "<group>"; };
		7B0A92AC1A52ACAA002BC4BD /* UserInfoEditViewController.h */ = {isa = PBXFileReference; fileEncoding = 4; lastKnownFileType = sourcecode.c.h; path = UserInfoEditViewController.h; sourceTree = "<group>"; };
		7B0A92AD1A52ACAA002BC4BD /* UserInfoEditViewController.m */ = {isa = PBXFileReference; fileEncoding = 4; lastKnownFileType = sourcecode.c.objc; path = UserInfoEditViewController.m; sourceTree = "<group>"; };
		7B0A92AE1A52ACAA002BC4BD /* UserInfoEditViewController.xib */ = {isa = PBXFileReference; fileEncoding = 4; lastKnownFileType = file.xib; path = UserInfoEditViewController.xib; sourceTree = "<group>"; };
		7B0A92B11A52ACC8002BC4BD /* PasswordBackViewController.h */ = {isa = PBXFileReference; fileEncoding = 4; lastKnownFileType = sourcecode.c.h; path = PasswordBackViewController.h; sourceTree = "<group>"; };
		7B0A92B21A52ACC8002BC4BD /* PasswordBackViewController.m */ = {isa = PBXFileReference; fileEncoding = 4; lastKnownFileType = sourcecode.c.objc; path = PasswordBackViewController.m; sourceTree = "<group>"; };
		7B0A92B31A52ACC8002BC4BD /* PasswordBackViewController.xib */ = {isa = PBXFileReference; fileEncoding = 4; lastKnownFileType = file.xib; path = PasswordBackViewController.xib; sourceTree = "<group>"; };
		7B0A92B61A52AD0E002BC4BD /* PasswordChangeViewController.h */ = {isa = PBXFileReference; fileEncoding = 4; lastKnownFileType = sourcecode.c.h; path = PasswordChangeViewController.h; sourceTree = "<group>"; };
		7B0A92B71A52AD0E002BC4BD /* PasswordChangeViewController.m */ = {isa = PBXFileReference; fileEncoding = 4; lastKnownFileType = sourcecode.c.objc; path = PasswordChangeViewController.m; sourceTree = "<group>"; };
		7B0A92B81A52AD0E002BC4BD /* PasswordChangeViewController.xib */ = {isa = PBXFileReference; fileEncoding = 4; lastKnownFileType = file.xib; path = PasswordChangeViewController.xib; sourceTree = "<group>"; };
		7B182E321A2C54DB006D16D8 /* LvBan.app */ = {isa = PBXFileReference; explicitFileType = wrapper.application; includeInIndex = 0; path = LvBan.app; sourceTree = BUILT_PRODUCTS_DIR; };
		7B182E361A2C54DB006D16D8 /* Info.plist */ = {isa = PBXFileReference; lastKnownFileType = text.plist.xml; path = Info.plist; sourceTree = "<group>"; };
		7B182E371A2C54DB006D16D8 /* main.m */ = {isa = PBXFileReference; lastKnownFileType = sourcecode.c.objc; path = main.m; sourceTree = "<group>"; };
		7B182E391A2C54DB006D16D8 /* AppDelegate.h */ = {isa = PBXFileReference; lastKnownFileType = sourcecode.c.h; path = AppDelegate.h; sourceTree = "<group>"; };
		7B182E3A1A2C54DB006D16D8 /* AppDelegate.m */ = {isa = PBXFileReference; lastKnownFileType = sourcecode.c.objc; path = AppDelegate.m; sourceTree = "<group>"; };
		7B182E3D1A2C54DB006D16D8 /* LvBan.xcdatamodel */ = {isa = PBXFileReference; lastKnownFileType = wrapper.xcdatamodel; path = LvBan.xcdatamodel; sourceTree = "<group>"; };
		7B182E451A2C54DB006D16D8 /* Images.xcassets */ = {isa = PBXFileReference; lastKnownFileType = folder.assetcatalog; path = Images.xcassets; sourceTree = "<group>"; };
		7B182E481A2C54DB006D16D8 /* Base */ = {isa = PBXFileReference; lastKnownFileType = file.xib; name = Base; path = Base.lproj/LaunchScreen.xib; sourceTree = "<group>"; };
		7B182E4E1A2C54DC006D16D8 /* LvBanTests.xctest */ = {isa = PBXFileReference; explicitFileType = wrapper.cfbundle; includeInIndex = 0; path = LvBanTests.xctest; sourceTree = BUILT_PRODUCTS_DIR; };
		7B182E531A2C54DC006D16D8 /* Info.plist */ = {isa = PBXFileReference; lastKnownFileType = text.plist.xml; path = Info.plist; sourceTree = "<group>"; };
		7B182E541A2C54DC006D16D8 /* LvBanTests.m */ = {isa = PBXFileReference; lastKnownFileType = sourcecode.c.objc; path = LvBanTests.m; sourceTree = "<group>"; };
		7B182E5E1A2C553A006D16D8 /* Default-568h@2x.png */ = {isa = PBXFileReference; lastKnownFileType = image.png; path = "Default-568h@2x.png"; sourceTree = "<group>"; };
		7B1B31661A400041008AB8C0 /* GlobalTimelineViewController.h */ = {isa = PBXFileReference; fileEncoding = 4; lastKnownFileType = sourcecode.c.h; path = GlobalTimelineViewController.h; sourceTree = "<group>"; };
		7B1B31671A400041008AB8C0 /* GlobalTimelineViewController.m */ = {isa = PBXFileReference; fileEncoding = 4; lastKnownFileType = sourcecode.c.objc; path = GlobalTimelineViewController.m; sourceTree = "<group>"; };
		7B1B316F1A400068008AB8C0 /* PostTableViewCell.h */ = {isa = PBXFileReference; fileEncoding = 4; lastKnownFileType = sourcecode.c.h; path = PostTableViewCell.h; sourceTree = "<group>"; };
		7B1B31701A400068008AB8C0 /* PostTableViewCell.m */ = {isa = PBXFileReference; fileEncoding = 4; lastKnownFileType = sourcecode.c.objc; path = PostTableViewCell.m; sourceTree = "<group>"; };
		7B1B31731A400919008AB8C0 /* profile-image-placeholder.png */ = {isa = PBXFileReference; lastKnownFileType = image.png; path = "profile-image-placeholder.png"; sourceTree = "<group>"; };
		7B1B31741A400919008AB8C0 /* profile-image-placeholder@2x.png */ = {isa = PBXFileReference; lastKnownFileType = image.png; path = "profile-image-placeholder@2x.png"; sourceTree = "<group>"; };
		7B1B31771A400C59008AB8C0 /* AppMacro.h */ = {isa = PBXFileReference; lastKnownFileType = sourcecode.c.h; path = AppMacro.h; sourceTree = "<group>"; };
		7B1B31791A40112D008AB8C0 /* SVProgressHUD.bundle */ = {isa = PBXFileReference; lastKnownFileType = "wrapper.plug-in"; path = SVProgressHUD.bundle; sourceTree = "<group>"; };
		7B1B317A1A40112D008AB8C0 /* SVProgressHUD.h */ = {isa = PBXFileReference; fileEncoding = 4; lastKnownFileType = sourcecode.c.h; path = SVProgressHUD.h; sourceTree = "<group>"; };
		7B1B317B1A40112D008AB8C0 /* SVProgressHUD.m */ = {isa = PBXFileReference; fileEncoding = 4; lastKnownFileType = sourcecode.c.objc; path = SVProgressHUD.m; sourceTree = "<group>"; };
		7B1B317D1A40112D008AB8C0 /* CHTumblrMenuView.h */ = {isa = PBXFileReference; fileEncoding = 4; lastKnownFileType = sourcecode.c.h; path = CHTumblrMenuView.h; sourceTree = "<group>"; };
		7B1B317E1A40112D008AB8C0 /* CHTumblrMenuView.m */ = {isa = PBXFileReference; fileEncoding = 4; lastKnownFileType = sourcecode.c.objc; path = CHTumblrMenuView.m; sourceTree = "<group>"; };
		7B1B31821A401308008AB8C0 /* AppConsts.h */ = {isa = PBXFileReference; fileEncoding = 4; lastKnownFileType = sourcecode.c.h; path = AppConsts.h; sourceTree = "<group>"; };
		7B1B31831A401308008AB8C0 /* AppConsts.m */ = {isa = PBXFileReference; fileEncoding = 4; lastKnownFileType = sourcecode.c.objc; path = AppConsts.m; sourceTree = "<group>"; };
		7B1B318C1A401CB9008AB8C0 /* TimeLineTestModelManager.h */ = {isa = PBXFileReference; fileEncoding = 4; lastKnownFileType = sourcecode.c.h; path = TimeLineTestModelManager.h; sourceTree = "<group>"; };
		7B1B318D1A401CB9008AB8C0 /* TimeLineTestModelManager.m */ = {isa = PBXFileReference; fileEncoding = 4; lastKnownFileType = sourcecode.c.objc; path = TimeLineTestModelManager.m; sourceTree = "<group>"; };
		7BCC80011A42801A00986785 /* ButtonWithNumTipView.h */ = {isa = PBXFileReference; fileEncoding = 4; lastKnownFileType = sourcecode.c.h; path = ButtonWithNumTipView.h; sourceTree = "<group>"; };
		7BCC80021A42801A00986785 /* ButtonWithNumTipView.m */ = {isa = PBXFileReference; fileEncoding = 4; lastKnownFileType = sourcecode.c.objc; path = ButtonWithNumTipView.m; sourceTree = "<group>"; };
		7BD1DE9F1A4D3CDE009BA898 /* LVBUserInfo.h */ = {isa = PBXFileReference; fileEncoding = 4; lastKnownFileType = sourcecode.c.h; path = LVBUserInfo.h; sourceTree = "<group>"; };
		7BD1DEA01A4D3CDE009BA898 /* LVBUserInfo.m */ = {isa = PBXFileReference; fileEncoding = 4; lastKnownFileType = sourcecode.c.objc; path = LVBUserInfo.m; sourceTree = "<group>"; };
		7BDD547A1A3E9A2C0063E768 /* AFHTTPRequestOperation.h */ = {isa = PBXFileReference; fileEncoding = 4; lastKnownFileType = sourcecode.c.h; path = AFHTTPRequestOperation.h; sourceTree = "<group>"; };
		7BDD547B1A3E9A2C0063E768 /* AFHTTPRequestOperation.m */ = {isa = PBXFileReference; fileEncoding = 4; lastKnownFileType = sourcecode.c.objc; path = AFHTTPRequestOperation.m; sourceTree = "<group>"; };
		7BDD547C1A3E9A2C0063E768 /* AFHTTPRequestOperationManager.h */ = {isa = PBXFileReference; fileEncoding = 4; lastKnownFileType = sourcecode.c.h; path = AFHTTPRequestOperationManager.h; sourceTree = "<group>"; };
		7BDD547D1A3E9A2C0063E768 /* AFHTTPRequestOperationManager.m */ = {isa = PBXFileReference; fileEncoding = 4; lastKnownFileType = sourcecode.c.objc; path = AFHTTPRequestOperationManager.m; sourceTree = "<group>"; };
		7BDD547E1A3E9A2C0063E768 /* AFHTTPSessionManager.h */ = {isa = PBXFileReference; fileEncoding = 4; lastKnownFileType = sourcecode.c.h; path = AFHTTPSessionManager.h; sourceTree = "<group>"; };
		7BDD547F1A3E9A2C0063E768 /* AFHTTPSessionManager.m */ = {isa = PBXFileReference; fileEncoding = 4; lastKnownFileType = sourcecode.c.objc; path = AFHTTPSessionManager.m; sourceTree = "<group>"; };
		7BDD54801A3E9A2C0063E768 /* AFNetworking.h */ = {isa = PBXFileReference; fileEncoding = 4; lastKnownFileType = sourcecode.c.h; path = AFNetworking.h; sourceTree = "<group>"; };
		7BDD54811A3E9A2C0063E768 /* AFNetworkReachabilityManager.h */ = {isa = PBXFileReference; fileEncoding = 4; lastKnownFileType = sourcecode.c.h; path = AFNetworkReachabilityManager.h; sourceTree = "<group>"; };
		7BDD54821A3E9A2C0063E768 /* AFNetworkReachabilityManager.m */ = {isa = PBXFileReference; fileEncoding = 4; lastKnownFileType = sourcecode.c.objc; path = AFNetworkReachabilityManager.m; sourceTree = "<group>"; };
		7BDD54831A3E9A2C0063E768 /* AFSecurityPolicy.h */ = {isa = PBXFileReference; fileEncoding = 4; lastKnownFileType = sourcecode.c.h; path = AFSecurityPolicy.h; sourceTree = "<group>"; };
		7BDD54841A3E9A2C0063E768 /* AFSecurityPolicy.m */ = {isa = PBXFileReference; fileEncoding = 4; lastKnownFileType = sourcecode.c.objc; path = AFSecurityPolicy.m; sourceTree = "<group>"; };
		7BDD54851A3E9A2C0063E768 /* AFURLConnectionOperation.h */ = {isa = PBXFileReference; fileEncoding = 4; lastKnownFileType = sourcecode.c.h; path = AFURLConnectionOperation.h; sourceTree = "<group>"; };
		7BDD54861A3E9A2C0063E768 /* AFURLConnectionOperation.m */ = {isa = PBXFileReference; fileEncoding = 4; lastKnownFileType = sourcecode.c.objc; path = AFURLConnectionOperation.m; sourceTree = "<group>"; };
		7BDD54871A3E9A2C0063E768 /* AFURLRequestSerialization.h */ = {isa = PBXFileReference; fileEncoding = 4; lastKnownFileType = sourcecode.c.h; path = AFURLRequestSerialization.h; sourceTree = "<group>"; };
		7BDD54881A3E9A2C0063E768 /* AFURLRequestSerialization.m */ = {isa = PBXFileReference; fileEncoding = 4; lastKnownFileType = sourcecode.c.objc; path = AFURLRequestSerialization.m; sourceTree = "<group>"; };
		7BDD54891A3E9A2C0063E768 /* AFURLResponseSerialization.h */ = {isa = PBXFileReference; fileEncoding = 4; lastKnownFileType = sourcecode.c.h; path = AFURLResponseSerialization.h; sourceTree = "<group>"; };
		7BDD548A1A3E9A2C0063E768 /* AFURLResponseSerialization.m */ = {isa = PBXFileReference; fileEncoding = 4; lastKnownFileType = sourcecode.c.objc; path = AFURLResponseSerialization.m; sourceTree = "<group>"; };
		7BDD548B1A3E9A2C0063E768 /* AFURLSessionManager.h */ = {isa = PBXFileReference; fileEncoding = 4; lastKnownFileType = sourcecode.c.h; path = AFURLSessionManager.h; sourceTree = "<group>"; };
		7BDD548C1A3E9A2C0063E768 /* AFURLSessionManager.m */ = {isa = PBXFileReference; fileEncoding = 4; lastKnownFileType = sourcecode.c.objc; path = AFURLSessionManager.m; sourceTree = "<group>"; };
		7BDD548E1A3E9A2C0063E768 /* AFNetworkActivityIndicatorManager.h */ = {isa = PBXFileReference; fileEncoding = 4; lastKnownFileType = sourcecode.c.h; path = AFNetworkActivityIndicatorManager.h; sourceTree = "<group>"; };
		7BDD548F1A3E9A2C0063E768 /* AFNetworkActivityIndicatorManager.m */ = {isa = PBXFileReference; fileEncoding = 4; lastKnownFileType = sourcecode.c.objc; path = AFNetworkActivityIndicatorManager.m; sourceTree = "<group>"; };
		7BDD54901A3E9A2C0063E768 /* UIActivityIndicatorView+AFNetworking.h */ = {isa = PBXFileReference; fileEncoding = 4; lastKnownFileType = sourcecode.c.h; path = "UIActivityIndicatorView+AFNetworking.h"; sourceTree = "<group>"; };
		7BDD54911A3E9A2C0063E768 /* UIActivityIndicatorView+AFNetworking.m */ = {isa = PBXFileReference; fileEncoding = 4; lastKnownFileType = sourcecode.c.objc; path = "UIActivityIndicatorView+AFNetworking.m"; sourceTree = "<group>"; };
		7BDD54921A3E9A2C0063E768 /* UIAlertView+AFNetworking.h */ = {isa = PBXFileReference; fileEncoding = 4; lastKnownFileType = sourcecode.c.h; path = "UIAlertView+AFNetworking.h"; sourceTree = "<group>"; };
		7BDD54931A3E9A2C0063E768 /* UIAlertView+AFNetworking.m */ = {isa = PBXFileReference; fileEncoding = 4; lastKnownFileType = sourcecode.c.objc; path = "UIAlertView+AFNetworking.m"; sourceTree = "<group>"; };
		7BDD54941A3E9A2C0063E768 /* UIButton+AFNetworking.h */ = {isa = PBXFileReference; fileEncoding = 4; lastKnownFileType = sourcecode.c.h; path = "UIButton+AFNetworking.h"; sourceTree = "<group>"; };
		7BDD54951A3E9A2C0063E768 /* UIButton+AFNetworking.m */ = {isa = PBXFileReference; fileEncoding = 4; lastKnownFileType = sourcecode.c.objc; path = "UIButton+AFNetworking.m"; sourceTree = "<group>"; };
		7BDD54961A3E9A2C0063E768 /* UIImageView+AFNetworking.h */ = {isa = PBXFileReference; fileEncoding = 4; lastKnownFileType = sourcecode.c.h; path = "UIImageView+AFNetworking.h"; sourceTree = "<group>"; };
		7BDD54971A3E9A2C0063E768 /* UIImageView+AFNetworking.m */ = {isa = PBXFileReference; fileEncoding = 4; lastKnownFileType = sourcecode.c.objc; path = "UIImageView+AFNetworking.m"; sourceTree = "<group>"; };
		7BDD54981A3E9A2C0063E768 /* UIKit+AFNetworking.h */ = {isa = PBXFileReference; fileEncoding = 4; lastKnownFileType = sourcecode.c.h; path = "UIKit+AFNetworking.h"; sourceTree = "<group>"; };
		7BDD54991A3E9A2C0063E768 /* UIProgressView+AFNetworking.h */ = {isa = PBXFileReference; fileEncoding = 4; lastKnownFileType = sourcecode.c.h; path = "UIProgressView+AFNetworking.h"; sourceTree = "<group>"; };
		7BDD549A1A3E9A2C0063E768 /* UIProgressView+AFNetworking.m */ = {isa = PBXFileReference; fileEncoding = 4; lastKnownFileType = sourcecode.c.objc; path = "UIProgressView+AFNetworking.m"; sourceTree = "<group>"; };
		7BDD549B1A3E9A2C0063E768 /* UIRefreshControl+AFNetworking.h */ = {isa = PBXFileReference; fileEncoding = 4; lastKnownFileType = sourcecode.c.h; path = "UIRefreshControl+AFNetworking.h"; sourceTree = "<group>"; };
		7BDD549C1A3E9A2C0063E768 /* UIRefreshControl+AFNetworking.m */ = {isa = PBXFileReference; fileEncoding = 4; lastKnownFileType = sourcecode.c.objc; path = "UIRefreshControl+AFNetworking.m"; sourceTree = "<group>"; };
		7BDD549D1A3E9A2C0063E768 /* UIWebView+AFNetworking.h */ = {isa = PBXFileReference; fileEncoding = 4; lastKnownFileType = sourcecode.c.h; path = "UIWebView+AFNetworking.h"; sourceTree = "<group>"; };
		7BDD549E1A3E9A2C0063E768 /* UIWebView+AFNetworking.m */ = {isa = PBXFileReference; fileEncoding = 4; lastKnownFileType = sourcecode.c.objc; path = "UIWebView+AFNetworking.m"; sourceTree = "<group>"; };
		7BDD54B11A3EAD5A0063E768 /* AFAppDotNetAPIClient.h */ = {isa = PBXFileReference; fileEncoding = 4; lastKnownFileType = sourcecode.c.h; path = AFAppDotNetAPIClient.h; sourceTree = "<group>"; };
		7BDD54B21A3EAD5A0063E768 /* AFAppDotNetAPIClient.m */ = {isa = PBXFileReference; fileEncoding = 4; lastKnownFileType = sourcecode.c.objc; path = AFAppDotNetAPIClient.m; sourceTree = "<group>"; };
		7BDD54B41A3EB63A0063E768 /* MobileCoreServices.framework */ = {isa = PBXFileReference; lastKnownFileType = wrapper.framework; name = MobileCoreServices.framework; path = System/Library/Frameworks/MobileCoreServices.framework; sourceTree = SDKROOT; };
		7BDD54B71A3ECD980063E768 /* TimelineTestService.h */ = {isa = PBXFileReference; fileEncoding = 4; lastKnownFileType = sourcecode.c.h; path = TimelineTestService.h; sourceTree = "<group>"; };
		7BDD54B81A3ECD980063E768 /* TimelineTestService.m */ = {isa = PBXFileReference; fileEncoding = 4; lastKnownFileType = sourcecode.c.objc; path = TimelineTestService.m; sourceTree = "<group>"; };
		7BDD54BB1A3ED5050063E768 /* BaseNetworking.h */ = {isa = PBXFileReference; fileEncoding = 4; lastKnownFileType = sourcecode.c.h; path = BaseNetworking.h; sourceTree = "<group>"; };
		7BDD54BC1A3ED5050063E768 /* BaseNetworking.m */ = {isa = PBXFileReference; fileEncoding = 4; lastKnownFileType = sourcecode.c.objc; path = BaseNetworking.m; sourceTree = "<group>"; };
		7BEC69701A2EA41F006E2131 /* LVBViewController.h */ = {isa = PBXFileReference; fileEncoding = 4; lastKnownFileType = sourcecode.c.h; path = LVBViewController.h; sourceTree = "<group>"; };
		7BEC69711A2EA41F006E2131 /* LVBViewController.m */ = {isa = PBXFileReference; fileEncoding = 4; lastKnownFileType = sourcecode.c.objc; path = LVBViewController.m; sourceTree = "<group>"; };
		7BEC69731A2EA43C006E2131 /* LVBTableViewCell.h */ = {isa = PBXFileReference; fileEncoding = 4; lastKnownFileType = sourcecode.c.h; path = LVBTableViewCell.h; sourceTree = "<group>"; };
		7BEC69741A2EA43C006E2131 /* LVBTableViewCell.m */ = {isa = PBXFileReference; fileEncoding = 4; lastKnownFileType = sourcecode.c.objc; path = LVBTableViewCell.m; sourceTree = "<group>"; };
		7BEC69781A2EA6CD006E2131 /* UIColor+LVBColor.h */ = {isa = PBXFileReference; fileEncoding = 4; lastKnownFileType = sourcecode.c.h; path = "UIColor+LVBColor.h"; sourceTree = "<group>"; };
		7BEC69791A2EA6CD006E2131 /* UIColor+LVBColor.m */ = {isa = PBXFileReference; fileEncoding = 4; lastKnownFileType = sourcecode.c.objc; path = "UIColor+LVBColor.m"; sourceTree = "<group>"; };
		7BEC697B1A2EA978006E2131 /* PrefixHeader.pch */ = {isa = PBXFileReference; lastKnownFileType = sourcecode.c.h; path = PrefixHeader.pch; sourceTree = "<group>"; };
		7BEC697C1A2EB0ED006E2131 /* LVBUIView.h */ = {isa = PBXFileReference; fileEncoding = 4; lastKnownFileType = sourcecode.c.h; path = LVBUIView.h; sourceTree = "<group>"; };
		7BEC697D1A2EB0ED006E2131 /* LVBUIView.m */ = {isa = PBXFileReference; fileEncoding = 4; lastKnownFileType = sourcecode.c.objc; path = LVBUIView.m; sourceTree = "<group>"; };
		7BEC697F1A2EB362006E2131 /* UIFont+LVBFont.h */ = {isa = PBXFileReference; fileEncoding = 4; lastKnownFileType = sourcecode.c.h; path = "UIFont+LVBFont.h"; sourceTree = "<group>"; };
		7BEC69801A2EB362006E2131 /* UIFont+LVBFont.m */ = {isa = PBXFileReference; fileEncoding = 4; lastKnownFileType = sourcecode.c.objc; path = "UIFont+LVBFont.m"; sourceTree = "<group>"; };
		7BEC69821A2ED894006E2131 /* LVBUIButton.h */ = {isa = PBXFileReference; fileEncoding = 4; lastKnownFileType = sourcecode.c.h; path = LVBUIButton.h; sourceTree = "<group>"; };
		7BEC69831A2ED894006E2131 /* LVBUIButton.m */ = {isa = PBXFileReference; fileEncoding = 4; lastKnownFileType = sourcecode.c.objc; path = LVBUIButton.m; sourceTree = "<group>"; };
		7BEC69851A2ED8A3006E2131 /* LVBUILabel.h */ = {isa = PBXFileReference; fileEncoding = 4; lastKnownFileType = sourcecode.c.h; path = LVBUILabel.h; sourceTree = "<group>"; };
		7BEC69861A2ED8A3006E2131 /* LVBUILabel.m */ = {isa = PBXFileReference; fileEncoding = 4; lastKnownFileType = sourcecode.c.objc; path = LVBUILabel.m; sourceTree = "<group>"; };
		7BEC69881A2EDE7A006E2131 /* LoginHomeViewController.h */ = {isa = PBXFileReference; fileEncoding = 4; lastKnownFileType = sourcecode.c.h; path = LoginHomeViewController.h; sourceTree = "<group>"; };
		7BEC69891A2EDE7A006E2131 /* LoginHomeViewController.m */ = {isa = PBXFileReference; fileEncoding = 4; lastKnownFileType = sourcecode.c.objc; path = LoginHomeViewController.m; sourceTree = "<group>"; };
		7BEC698A1A2EDE7A006E2131 /* LoginHomeViewController.xib */ = {isa = PBXFileReference; fileEncoding = 4; lastKnownFileType = file.xib; path = LoginHomeViewController.xib; sourceTree = "<group>"; };
		7BEC69901A2EFF78006E2131 /* TencentOpenAPI.framework */ = {isa = PBXFileReference; lastKnownFileType = wrapper.framework; path = TencentOpenAPI.framework; sourceTree = "<group>"; };
		7BEC69921A2EFF99006E2131 /* Security.framework */ = {isa = PBXFileReference; lastKnownFileType = wrapper.framework; name = Security.framework; path = System/Library/Frameworks/Security.framework; sourceTree = SDKROOT; };
		7BEC69941A2EFFA6006E2131 /* libiconv.dylib */ = {isa = PBXFileReference; lastKnownFileType = "compiled.mach-o.dylib"; name = libiconv.dylib; path = usr/lib/libiconv.dylib; sourceTree = SDKROOT; };
		7BEC69961A2EFFB4006E2131 /* SystemConfiguration.framework */ = {isa = PBXFileReference; lastKnownFileType = wrapper.framework; name = SystemConfiguration.framework; path = System/Library/Frameworks/SystemConfiguration.framework; sourceTree = SDKROOT; };
		7BEC69981A2EFFBD006E2131 /* CoreGraphics.framework */ = {isa = PBXFileReference; lastKnownFileType = wrapper.framework; name = CoreGraphics.framework; path = System/Library/Frameworks/CoreGraphics.framework; sourceTree = SDKROOT; };
		7BEC699A1A2EFFC9006E2131 /* libsqlite3.dylib */ = {isa = PBXFileReference; lastKnownFileType = "compiled.mach-o.dylib"; name = libsqlite3.dylib; path = usr/lib/libsqlite3.dylib; sourceTree = SDKROOT; };
		7BEC699C1A2EFFD5006E2131 /* CoreTelephony.framework */ = {isa = PBXFileReference; lastKnownFileType = wrapper.framework; name = CoreTelephony.framework; path = System/Library/Frameworks/CoreTelephony.framework; sourceTree = SDKROOT; };
		7BEC69A31A2F009A006E2131 /* TencentOpenApi_IOS_Bundle.bundle */ = {isa = PBXFileReference; lastKnownFileType = "wrapper.plug-in"; path = TencentOpenApi_IOS_Bundle.bundle; sourceTree = "<group>"; };
		7BEC69A71A2F13E6006E2131 /* libstdc++.dylib */ = {isa = PBXFileReference; lastKnownFileType = "compiled.mach-o.dylib"; name = "libstdc++.dylib"; path = "usr/lib/libstdc++.dylib"; sourceTree = SDKROOT; };
		7BEC69A91A2F13F4006E2131 /* libz.dylib */ = {isa = PBXFileReference; lastKnownFileType = "compiled.mach-o.dylib"; name = libz.dylib; path = usr/lib/libz.dylib; sourceTree = SDKROOT; };
		7BF2A5C31A414BC0007EB09F /* PostTest.h */ = {isa = PBXFileReference; fileEncoding = 4; lastKnownFileType = sourcecode.c.h; path = PostTest.h; sourceTree = "<group>"; };
		7BF2A5C41A414BC0007EB09F /* PostTest.m */ = {isa = PBXFileReference; fileEncoding = 4; lastKnownFileType = sourcecode.c.objc; path = PostTest.m; sourceTree = "<group>"; };
/* End PBXFileReference section */

/* Begin PBXFrameworksBuildPhase section */
		7B182E2F1A2C54DB006D16D8 /* Frameworks */ = {
			isa = PBXFrameworksBuildPhase;
			buildActionMask = 2147483647;
			files = (
				7BDD54B51A3EB63A0063E768 /* MobileCoreServices.framework in Frameworks */,
				7BEC69AA1A2F13F4006E2131 /* libz.dylib in Frameworks */,
				7BEC69A81A2F13E6006E2131 /* libstdc++.dylib in Frameworks */,
				7BEC699D1A2EFFD5006E2131 /* CoreTelephony.framework in Frameworks */,
				7BEC699B1A2EFFC9006E2131 /* libsqlite3.dylib in Frameworks */,
				7BEC69991A2EFFBD006E2131 /* CoreGraphics.framework in Frameworks */,
				7BEC69971A2EFFB4006E2131 /* SystemConfiguration.framework in Frameworks */,
				7BEC69951A2EFFA6006E2131 /* libiconv.dylib in Frameworks */,
				7BEC69931A2EFF99006E2131 /* Security.framework in Frameworks */,
				7BEC69911A2EFF78006E2131 /* TencentOpenAPI.framework in Frameworks */,
			);
			runOnlyForDeploymentPostprocessing = 0;
		};
		7B182E4B1A2C54DC006D16D8 /* Frameworks */ = {
			isa = PBXFrameworksBuildPhase;
			buildActionMask = 2147483647;
			files = (
			);
			runOnlyForDeploymentPostprocessing = 0;
		};
/* End PBXFrameworksBuildPhase section */

/* Begin PBXGroup section */
		7B0A92A11A5274BF002BC4BD /* RoundCornerButton */ = {
			isa = PBXGroup;
			children = (
				7B0A929E1A5274B7002BC4BD /* LVBRoundCornerButton.h */,
				7B0A929F1A5274B7002BC4BD /* LVBRoundCornerButton.m */,
			);
			name = RoundCornerButton;
			sourceTree = "<group>";
		};
		7B0A92BB1A52AD9D002BC4BD /* Login */ = {
			isa = PBXGroup;
			children = (
				7B0A92A71A52AC21002BC4BD /* PhoneLoginViewController.h */,
				7B0A92A81A52AC21002BC4BD /* PhoneLoginViewController.m */,
				7B0A92A91A52AC21002BC4BD /* PhoneLoginViewController.xib */,
			);
			name = Login;
			sourceTree = "<group>";
		};
		7B0A92BC1A52ADBD002BC4BD /* QQLogin */ = {
			isa = PBXGroup;
			children = (
				7B0A929B1A5250A0002BC4BD /* QQLoginViewController.h */,
				7B0A929C1A5250A0002BC4BD /* QQLoginViewController.m */,
			);
			name = QQLogin;
			sourceTree = "<group>";
		};
		7B0A92BD1A52ADEC002BC4BD /* Register */ = {
			isa = PBXGroup;
			children = (
				7B0A92A21A529A43002BC4BD /* PhoneRegisterViewController.h */,
				7B0A92A31A529A43002BC4BD /* PhoneRegisterViewController.m */,
				7B0A92A41A529A43002BC4BD /* PhoneRegisterViewController.xib */,
				7B0A92AC1A52ACAA002BC4BD /* UserInfoEditViewController.h */,
				7B0A92AD1A52ACAA002BC4BD /* UserInfoEditViewController.m */,
				7B0A92AE1A52ACAA002BC4BD /* UserInfoEditViewController.xib */,
			);
			name = Register;
			sourceTree = "<group>";
		};
		7B0A92BE1A52AE34002BC4BD /* Password */ = {
			isa = PBXGroup;
			children = (
				7B0A92B11A52ACC8002BC4BD /* PasswordBackViewController.h */,
				7B0A92B21A52ACC8002BC4BD /* PasswordBackViewController.m */,
				7B0A92B31A52ACC8002BC4BD /* PasswordBackViewController.xib */,
				7B0A92B61A52AD0E002BC4BD /* PasswordChangeViewController.h */,
				7B0A92B71A52AD0E002BC4BD /* PasswordChangeViewController.m */,
				7B0A92B81A52AD0E002BC4BD /* PasswordChangeViewController.xib */,
			);
			name = Password;
			sourceTree = "<group>";
		};
		7B182E291A2C54DB006D16D8 = {
			isa = PBXGroup;
			children = (
				7B182E341A2C54DB006D16D8 /* LvBan */,
				7B182E511A2C54DC006D16D8 /* LvBanTests */,
				7BEC69A21A2F0005006E2131 /* Frameworks */,
				7B182E331A2C54DB006D16D8 /* Products */,
			);
			sourceTree = "<group>";
		};
		7B182E331A2C54DB006D16D8 /* Products */ = {
			isa = PBXGroup;
			children = (
				7B182E321A2C54DB006D16D8 /* LvBan.app */,
				7B182E4E1A2C54DC006D16D8 /* LvBanTests.xctest */,
			);
			name = Products;
			sourceTree = "<group>";
		};
		7B182E341A2C54DB006D16D8 /* LvBan */ = {
			isa = PBXGroup;
			children = (
				7BEC698F1A2EE4F1006E2131 /* Resource */,
				7BEC69661A2EA33A006E2131 /* Core */,
				7BEC69671A2EA344006E2131 /* General */,
				7BEC69681A2EA352006E2131 /* Model */,
				7BEC698D1A2EDECC006E2131 /* Networking */,
				7BEC69691A2EA359006E2131 /* Sections */,
				7BEC696A1A2EA368006E2131 /* Vendors */,
				7B182E391A2C54DB006D16D8 /* AppDelegate.h */,
				7B182E3A1A2C54DB006D16D8 /* AppDelegate.m */,
				7B182E451A2C54DB006D16D8 /* Images.xcassets */,
				7B182E471A2C54DB006D16D8 /* LaunchScreen.xib */,
				7B182E3C1A2C54DB006D16D8 /* LvBan.xcdatamodeld */,
				7B182E5E1A2C553A006D16D8 /* Default-568h@2x.png */,
				7B182E351A2C54DB006D16D8 /* Supporting Files */,
			);
			path = LvBan;
			sourceTree = "<group>";
		};
		7B182E351A2C54DB006D16D8 /* Supporting Files */ = {
			isa = PBXGroup;
			children = (
				7B182E361A2C54DB006D16D8 /* Info.plist */,
				7B182E371A2C54DB006D16D8 /* main.m */,
				7BEC697B1A2EA978006E2131 /* PrefixHeader.pch */,
			);
			name = "Supporting Files";
			sourceTree = "<group>";
		};
		7B182E511A2C54DC006D16D8 /* LvBanTests */ = {
			isa = PBXGroup;
			children = (
				7B182E541A2C54DC006D16D8 /* LvBanTests.m */,
				7B182E521A2C54DC006D16D8 /* Supporting Files */,
			);
			path = LvBanTests;
			sourceTree = "<group>";
		};
		7B182E521A2C54DC006D16D8 /* Supporting Files */ = {
			isa = PBXGroup;
			children = (
				7B182E531A2C54DC006D16D8 /* Info.plist */,
			);
			name = "Supporting Files";
			sourceTree = "<group>";
		};
		7B1B31631A3FE109008AB8C0 /* Service */ = {
			isa = PBXGroup;
			children = (
				7BDD54B71A3ECD980063E768 /* TimelineTestService.h */,
				7BDD54B81A3ECD980063E768 /* TimelineTestService.m */,
			);
			name = Service;
			sourceTree = "<group>";
		};
		7B1B31641A3FE12D008AB8C0 /* Model */ = {
			isa = PBXGroup;
			children = (
				7BF2A5C31A414BC0007EB09F /* PostTest.h */,
				7BF2A5C41A414BC0007EB09F /* PostTest.m */,
				7B1B318C1A401CB9008AB8C0 /* TimeLineTestModelManager.h */,
				7B1B318D1A401CB9008AB8C0 /* TimeLineTestModelManager.m */,
			);
			name = Model;
			sourceTree = "<group>";
		};
		7B1B31651A3FE14C008AB8C0 /* PublicServices */ = {
			isa = PBXGroup;
			children = (
			);
			name = PublicServices;
			sourceTree = "<group>";
		};
		7B1B31721A4008F8008AB8C0 /* Images */ = {
			isa = PBXGroup;
			children = (
				7B1B31731A400919008AB8C0 /* profile-image-placeholder.png */,
				7B1B31741A400919008AB8C0 /* profile-image-placeholder@2x.png */,
			);
			name = Images;
			sourceTree = "<group>";
		};
		7B1B31781A40112D008AB8C0 /* SVProgressHUD */ = {
			isa = PBXGroup;
			children = (
				7B1B31791A40112D008AB8C0 /* SVProgressHUD.bundle */,
				7B1B317A1A40112D008AB8C0 /* SVProgressHUD.h */,
				7B1B317B1A40112D008AB8C0 /* SVProgressHUD.m */,
			);
			path = SVProgressHUD;
			sourceTree = "<group>";
		};
		7B1B317C1A40112D008AB8C0 /* TumblrMenu */ = {
			isa = PBXGroup;
			children = (
				7B1B317D1A40112D008AB8C0 /* CHTumblrMenuView.h */,
				7B1B317E1A40112D008AB8C0 /* CHTumblrMenuView.m */,
			);
			path = TumblrMenu;
			sourceTree = "<group>";
		};
		7B1B31851A401669008AB8C0 /* TimelineTest */ = {
			isa = PBXGroup;
			children = (
				7B1B31641A3FE12D008AB8C0 /* Model */,
				7B1B31631A3FE109008AB8C0 /* Service */,
				7B1B31661A400041008AB8C0 /* GlobalTimelineViewController.h */,
				7B1B31671A400041008AB8C0 /* GlobalTimelineViewController.m */,
				7B1B316F1A400068008AB8C0 /* PostTableViewCell.h */,
				7B1B31701A400068008AB8C0 /* PostTableViewCell.m */,
			);
			name = TimelineTest;
			sourceTree = "<group>";
		};
		7BCC80001A42800B00986785 /* ButtonWithNumTip */ = {
			isa = PBXGroup;
			children = (
				7BCC80011A42801A00986785 /* ButtonWithNumTipView.h */,
				7BCC80021A42801A00986785 /* ButtonWithNumTipView.m */,
			);
			name = ButtonWithNumTip;
			sourceTree = "<group>";
		};
		7BDD54791A3E9A2C0063E768 /* AFNetworking */ = {
			isa = PBXGroup;
			children = (
				7BDD547A1A3E9A2C0063E768 /* AFHTTPRequestOperation.h */,
				7BDD547B1A3E9A2C0063E768 /* AFHTTPRequestOperation.m */,
				7BDD547C1A3E9A2C0063E768 /* AFHTTPRequestOperationManager.h */,
				7BDD547D1A3E9A2C0063E768 /* AFHTTPRequestOperationManager.m */,
				7BDD547E1A3E9A2C0063E768 /* AFHTTPSessionManager.h */,
				7BDD547F1A3E9A2C0063E768 /* AFHTTPSessionManager.m */,
				7BDD54801A3E9A2C0063E768 /* AFNetworking.h */,
				7BDD54811A3E9A2C0063E768 /* AFNetworkReachabilityManager.h */,
				7BDD54821A3E9A2C0063E768 /* AFNetworkReachabilityManager.m */,
				7BDD54831A3E9A2C0063E768 /* AFSecurityPolicy.h */,
				7BDD54841A3E9A2C0063E768 /* AFSecurityPolicy.m */,
				7BDD54851A3E9A2C0063E768 /* AFURLConnectionOperation.h */,
				7BDD54861A3E9A2C0063E768 /* AFURLConnectionOperation.m */,
				7BDD54871A3E9A2C0063E768 /* AFURLRequestSerialization.h */,
				7BDD54881A3E9A2C0063E768 /* AFURLRequestSerialization.m */,
				7BDD54891A3E9A2C0063E768 /* AFURLResponseSerialization.h */,
				7BDD548A1A3E9A2C0063E768 /* AFURLResponseSerialization.m */,
				7BDD548B1A3E9A2C0063E768 /* AFURLSessionManager.h */,
				7BDD548C1A3E9A2C0063E768 /* AFURLSessionManager.m */,
			);
			path = AFNetworking;
			sourceTree = "<group>";
		};
		7BDD548D1A3E9A2C0063E768 /* UIKit+AFNetworking */ = {
			isa = PBXGroup;
			children = (
				7BDD548E1A3E9A2C0063E768 /* AFNetworkActivityIndicatorManager.h */,
				7BDD548F1A3E9A2C0063E768 /* AFNetworkActivityIndicatorManager.m */,
				7BDD54901A3E9A2C0063E768 /* UIActivityIndicatorView+AFNetworking.h */,
				7BDD54911A3E9A2C0063E768 /* UIActivityIndicatorView+AFNetworking.m */,
				7BDD54921A3E9A2C0063E768 /* UIAlertView+AFNetworking.h */,
				7BDD54931A3E9A2C0063E768 /* UIAlertView+AFNetworking.m */,
				7BDD54941A3E9A2C0063E768 /* UIButton+AFNetworking.h */,
				7BDD54951A3E9A2C0063E768 /* UIButton+AFNetworking.m */,
				7BDD54961A3E9A2C0063E768 /* UIImageView+AFNetworking.h */,
				7BDD54971A3E9A2C0063E768 /* UIImageView+AFNetworking.m */,
				7BDD54981A3E9A2C0063E768 /* UIKit+AFNetworking.h */,
				7BDD54991A3E9A2C0063E768 /* UIProgressView+AFNetworking.h */,
				7BDD549A1A3E9A2C0063E768 /* UIProgressView+AFNetworking.m */,
				7BDD549B1A3E9A2C0063E768 /* UIRefreshControl+AFNetworking.h */,
				7BDD549C1A3E9A2C0063E768 /* UIRefreshControl+AFNetworking.m */,
				7BDD549D1A3E9A2C0063E768 /* UIWebView+AFNetworking.h */,
				7BDD549E1A3E9A2C0063E768 /* UIWebView+AFNetworking.m */,
			);
			path = "UIKit+AFNetworking";
			sourceTree = "<group>";
		};
		7BDD54B01A3EA4920063E768 /* HomePages */ = {
			isa = PBXGroup;
			children = (
			);
			name = HomePages;
			sourceTree = "<group>";
		};
		7BDD54B61A3ECC740063E768 /* client */ = {
			isa = PBXGroup;
			children = (
				7BDD54B11A3EAD5A0063E768 /* AFAppDotNetAPIClient.h */,
				7BDD54B21A3EAD5A0063E768 /* AFAppDotNetAPIClient.m */,
			);
			name = client;
			sourceTree = "<group>";
		};
		7BDD54BA1A3ED48E0063E768 /* BaseService */ = {
			isa = PBXGroup;
			children = (
				7BDD54BB1A3ED5050063E768 /* BaseNetworking.h */,
				7BDD54BC1A3ED5050063E768 /* BaseNetworking.m */,
			);
			name = BaseService;
			sourceTree = "<group>";
		};
		7BEC69661A2EA33A006E2131 /* Core */ = {
			isa = PBXGroup;
			children = (
			);
			name = Core;
			sourceTree = "<group>";
		};
		7BEC69671A2EA344006E2131 /* General */ = {
			isa = PBXGroup;
			children = (
				7BEC696B1A2EA385006E2131 /* Base */,
				7BEC696C1A2EA389006E2131 /* Category */,
				7BEC696D1A2EA390006E2131 /* CustomUI */,
				7BEC696E1A2EA3A8006E2131 /* Helper */,
				7BEC696F1A2EA3B5006E2131 /* Marco */,
			);
			name = General;
			sourceTree = "<group>";
		};
		7BEC69681A2EA352006E2131 /* Model */ = {
			isa = PBXGroup;
			children = (
			);
			name = Model;
			sourceTree = "<group>";
		};
		7BEC69691A2EA359006E2131 /* Sections */ = {
			isa = PBXGroup;
			children = (
				7B1B31851A401669008AB8C0 /* TimelineTest */,
				7BDD54B01A3EA4920063E768 /* HomePages */,
				7BEC69761A2EA4E2006E2131 /* Login */,
				7BEC69771A2EA507006E2131 /* Setting */,
			);
			name = Sections;
			sourceTree = "<group>";
		};
		7BEC696A1A2EA368006E2131 /* Vendors */ = {
			isa = PBXGroup;
			children = (
				7BDD54791A3E9A2C0063E768 /* AFNetworking */,
				7BDD548D1A3E9A2C0063E768 /* UIKit+AFNetworking */,
				7B1B31781A40112D008AB8C0 /* SVProgressHUD */,
				7B1B317C1A40112D008AB8C0 /* TumblrMenu */,
			);
			name = Vendors;
			sourceTree = "<group>";
		};
		7BEC696B1A2EA385006E2131 /* Base */ = {
			isa = PBXGroup;
			children = (
				7BEC698E1A2EDEEE006E2131 /* BaseUI */,
				7BEC69701A2EA41F006E2131 /* LVBViewController.h */,
				7BEC69711A2EA41F006E2131 /* LVBViewController.m */,
			);
			name = Base;
			sourceTree = "<group>";
		};
		7BEC696C1A2EA389006E2131 /* Category */ = {
			isa = PBXGroup;
			children = (
				7BEC69781A2EA6CD006E2131 /* UIColor+LVBColor.h */,
				7BEC69791A2EA6CD006E2131 /* UIColor+LVBColor.m */,
				7BEC697F1A2EB362006E2131 /* UIFont+LVBFont.h */,
				7BEC69801A2EB362006E2131 /* UIFont+LVBFont.m */,
			);
			name = Category;
			sourceTree = "<group>";
		};
		7BEC696D1A2EA390006E2131 /* CustomUI */ = {
			isa = PBXGroup;
			children = (
				7B0A92A11A5274BF002BC4BD /* RoundCornerButton */,
				7BCC80001A42800B00986785 /* ButtonWithNumTip */,
			);
			name = CustomUI;
			sourceTree = "<group>";
		};
		7BEC696E1A2EA3A8006E2131 /* Helper */ = {
			isa = PBXGroup;
			children = (
				7B1B31821A401308008AB8C0 /* AppConsts.h */,
				7B1B31831A401308008AB8C0 /* AppConsts.m */,
				7BD1DE9F1A4D3CDE009BA898 /* LVBUserInfo.h */,
				7BD1DEA01A4D3CDE009BA898 /* LVBUserInfo.m */,
			);
			name = Helper;
			sourceTree = "<group>";
		};
		7BEC696F1A2EA3B5006E2131 /* Marco */ = {
			isa = PBXGroup;
			children = (
				7B1B31771A400C59008AB8C0 /* AppMacro.h */,
			);
			name = Marco;
			sourceTree = "<group>";
		};
		7BEC69761A2EA4E2006E2131 /* Login */ = {
			isa = PBXGroup;
			children = (
				7B0A92BB1A52AD9D002BC4BD /* Login */,
				7B0A92BC1A52ADBD002BC4BD /* QQLogin */,
				7B0A92BD1A52ADEC002BC4BD /* Register */,
				7B0A92BE1A52AE34002BC4BD /* Password */,
				7BEC69881A2EDE7A006E2131 /* LoginHomeViewController.h */,
				7BEC69891A2EDE7A006E2131 /* LoginHomeViewController.m */,
				7BEC698A1A2EDE7A006E2131 /* LoginHomeViewController.xib */,
			);
			name = Login;
			sourceTree = "<group>";
		};
		7BEC69771A2EA507006E2131 /* Setting */ = {
			isa = PBXGroup;
			children = (
			);
			name = Setting;
			sourceTree = "<group>";
		};
		7BEC698D1A2EDECC006E2131 /* Networking */ = {
			isa = PBXGroup;
			children = (
				7BDD54B61A3ECC740063E768 /* client */,
				7BDD54BA1A3ED48E0063E768 /* BaseService */,
				7B1B31651A3FE14C008AB8C0 /* PublicServices */,
			);
			name = Networking;
			sourceTree = "<group>";
		};
		7BEC698E1A2EDEEE006E2131 /* BaseUI */ = {
			isa = PBXGroup;
			children = (
				7BEC69731A2EA43C006E2131 /* LVBTableViewCell.h */,
				7BEC69741A2EA43C006E2131 /* LVBTableViewCell.m */,
				7BEC697C1A2EB0ED006E2131 /* LVBUIView.h */,
				7BEC697D1A2EB0ED006E2131 /* LVBUIView.m */,
				7BEC69821A2ED894006E2131 /* LVBUIButton.h */,
				7BEC69831A2ED894006E2131 /* LVBUIButton.m */,
				7BEC69851A2ED8A3006E2131 /* LVBUILabel.h */,
				7BEC69861A2ED8A3006E2131 /* LVBUILabel.m */,
			);
			name = BaseUI;
			sourceTree = "<group>";
		};
		7BEC698F1A2EE4F1006E2131 /* Resource */ = {
			isa = PBXGroup;
			children = (
				7B1B31721A4008F8008AB8C0 /* Images */,
			);
			name = Resource;
			sourceTree = "<group>";
		};
		7BEC69A21A2F0005006E2131 /* Frameworks */ = {
			isa = PBXGroup;
			children = (
				7BDD54B41A3EB63A0063E768 /* MobileCoreServices.framework */,
				7BEC69A91A2F13F4006E2131 /* libz.dylib */,
				7BEC69A71A2F13E6006E2131 /* libstdc++.dylib */,
				7BEC69A31A2F009A006E2131 /* TencentOpenApi_IOS_Bundle.bundle */,
				7BEC699C1A2EFFD5006E2131 /* CoreTelephony.framework */,
				7BEC699A1A2EFFC9006E2131 /* libsqlite3.dylib */,
				7BEC69981A2EFFBD006E2131 /* CoreGraphics.framework */,
				7BEC69961A2EFFB4006E2131 /* SystemConfiguration.framework */,
				7BEC69941A2EFFA6006E2131 /* libiconv.dylib */,
				7BEC69921A2EFF99006E2131 /* Security.framework */,
				7BEC69901A2EFF78006E2131 /* TencentOpenAPI.framework */,
			);
			name = Frameworks;
			sourceTree = "<group>";
		};
/* End PBXGroup section */

/* Begin PBXNativeTarget section */
		7B182E311A2C54DB006D16D8 /* LvBan */ = {
			isa = PBXNativeTarget;
			buildConfigurationList = 7B182E581A2C54DC006D16D8 /* Build configuration list for PBXNativeTarget "LvBan" */;
			buildPhases = (
				7B182E2E1A2C54DB006D16D8 /* Sources */,
				7B182E2F1A2C54DB006D16D8 /* Frameworks */,
				7B182E301A2C54DB006D16D8 /* Resources */,
			);
			buildRules = (
			);
			dependencies = (
			);
			name = LvBan;
			productName = LvBan;
			productReference = 7B182E321A2C54DB006D16D8 /* LvBan.app */;
			productType = "com.apple.product-type.application";
		};
		7B182E4D1A2C54DC006D16D8 /* LvBanTests */ = {
			isa = PBXNativeTarget;
			buildConfigurationList = 7B182E5B1A2C54DC006D16D8 /* Build configuration list for PBXNativeTarget "LvBanTests" */;
			buildPhases = (
				7B182E4A1A2C54DC006D16D8 /* Sources */,
				7B182E4B1A2C54DC006D16D8 /* Frameworks */,
				7B182E4C1A2C54DC006D16D8 /* Resources */,
			);
			buildRules = (
			);
			dependencies = (
				7B182E501A2C54DC006D16D8 /* PBXTargetDependency */,
			);
			name = LvBanTests;
			productName = LvBanTests;
			productReference = 7B182E4E1A2C54DC006D16D8 /* LvBanTests.xctest */;
			productType = "com.apple.product-type.bundle.unit-test";
		};
/* End PBXNativeTarget section */

/* Begin PBXProject section */
		7B182E2A1A2C54DB006D16D8 /* Project object */ = {
			isa = PBXProject;
			attributes = {
				LastUpgradeCheck = 0610;
				ORGANIZATIONNAME = overmindgc;
				TargetAttributes = {
					7B182E311A2C54DB006D16D8 = {
						CreatedOnToolsVersion = 6.1;
						DevelopmentTeam = VS77V8Q4MN;
					};
					7B182E4D1A2C54DC006D16D8 = {
						CreatedOnToolsVersion = 6.1;
						TestTargetID = 7B182E311A2C54DB006D16D8;
					};
				};
			};
			buildConfigurationList = 7B182E2D1A2C54DB006D16D8 /* Build configuration list for PBXProject "LvBan" */;
			compatibilityVersion = "Xcode 3.2";
			developmentRegion = English;
			hasScannedForEncodings = 0;
			knownRegions = (
				en,
				Base,
			);
			mainGroup = 7B182E291A2C54DB006D16D8;
			productRefGroup = 7B182E331A2C54DB006D16D8 /* Products */;
			projectDirPath = "";
			projectRoot = "";
			targets = (
				7B182E311A2C54DB006D16D8 /* LvBan */,
				7B182E4D1A2C54DC006D16D8 /* LvBanTests */,
			);
		};
/* End PBXProject section */

/* Begin PBXResourcesBuildPhase section */
		7B182E301A2C54DB006D16D8 /* Resources */ = {
			isa = PBXResourcesBuildPhase;
			buildActionMask = 2147483647;
			files = (
				7BEC69A41A2F009A006E2131 /* TencentOpenApi_IOS_Bundle.bundle in Resources */,
				7B0A92AB1A52AC21002BC4BD /* PhoneLoginViewController.xib in Resources */,
				7B0A92B51A52ACC8002BC4BD /* PasswordBackViewController.xib in Resources */,
				7B0A92A61A529A43002BC4BD /* PhoneRegisterViewController.xib in Resources */,
				7B182E5F1A2C553A006D16D8 /* Default-568h@2x.png in Resources */,
				7B182E491A2C54DB006D16D8 /* LaunchScreen.xib in Resources */,
				7B1B317F1A40112D008AB8C0 /* SVProgressHUD.bundle in Resources */,
				7B0A92B01A52ACAA002BC4BD /* UserInfoEditViewController.xib in Resources */,
				7B1B31751A400919008AB8C0 /* profile-image-placeholder.png in Resources */,
				7B1B31761A400919008AB8C0 /* profile-image-placeholder@2x.png in Resources */,
				7B0A92BA1A52AD0E002BC4BD /* PasswordChangeViewController.xib in Resources */,
				7B182E461A2C54DB006D16D8 /* Images.xcassets in Resources */,
				7BEC698C1A2EDE7A006E2131 /* LoginHomeViewController.xib in Resources */,
			);
			runOnlyForDeploymentPostprocessing = 0;
		};
		7B182E4C1A2C54DC006D16D8 /* Resources */ = {
			isa = PBXResourcesBuildPhase;
			buildActionMask = 2147483647;
			files = (
			);
			runOnlyForDeploymentPostprocessing = 0;
		};
/* End PBXResourcesBuildPhase section */

/* Begin PBXSourcesBuildPhase section */
		7B182E2E1A2C54DB006D16D8 /* Sources */ = {
			isa = PBXSourcesBuildPhase;
			buildActionMask = 2147483647;
			files = (
				7B1B31681A400041008AB8C0 /* GlobalTimelineViewController.m in Sources */,
				7B1B318E1A401CB9008AB8C0 /* TimeLineTestModelManager.m in Sources */,
				7BDD549F1A3E9A2C0063E768 /* AFHTTPRequestOperation.m in Sources */,
				7B182E3B1A2C54DB006D16D8 /* AppDelegate.m in Sources */,
				7B0A92A01A5274B7002BC4BD /* LVBRoundCornerButton.m in Sources */,
				7B0A92B91A52AD0E002BC4BD /* PasswordChangeViewController.m in Sources */,
				7BEC698B1A2EDE7A006E2131 /* LoginHomeViewController.m in Sources */,
				7BCC80031A42801A00986785 /* ButtonWithNumTipView.m in Sources */,
				7B1B31801A40112D008AB8C0 /* SVProgressHUD.m in Sources */,
				7BEC697A1A2EA6CD006E2131 /* UIColor+LVBColor.m in Sources */,
				7BDD54BD1A3ED5050063E768 /* BaseNetworking.m in Sources */,
				7BEC69871A2ED8A3006E2131 /* LVBUILabel.m in Sources */,
				7BDD54A81A3E9A2C0063E768 /* AFNetworkActivityIndicatorManager.m in Sources */,
				7B0A92AF1A52ACAA002BC4BD /* UserInfoEditViewController.m in Sources */,
				7BDD54A71A3E9A2C0063E768 /* AFURLSessionManager.m in Sources */,
				7BDD54A11A3E9A2C0063E768 /* AFHTTPSessionManager.m in Sources */,
				7B1B31811A40112D008AB8C0 /* CHTumblrMenuView.m in Sources */,
				7B1B31841A401308008AB8C0 /* AppConsts.m in Sources */,
				7BD1DEA11A4D3CDE009BA898 /* LVBUserInfo.m in Sources */,
				7BEC69811A2EB362006E2131 /* UIFont+LVBFont.m in Sources */,
				7BDD54A21A3E9A2C0063E768 /* AFNetworkReachabilityManager.m in Sources */,
				7B0A92B41A52ACC8002BC4BD /* PasswordBackViewController.m in Sources */,
				7BEC69751A2EA43C006E2131 /* LVBTableViewCell.m in Sources */,
				7BDD54AC1A3E9A2C0063E768 /* UIImageView+AFNetworking.m in Sources */,
				7BF2A5C51A414BC0007EB09F /* PostTest.m in Sources */,
				7BDD54AD1A3E9A2C0063E768 /* UIProgressView+AFNetworking.m in Sources */,
				7B0A92AA1A52AC21002BC4BD /* PhoneLoginViewController.m in Sources */,
				7BDD54A61A3E9A2C0063E768 /* AFURLResponseSerialization.m in Sources */,
				7BDD54AE1A3E9A2C0063E768 /* UIRefreshControl+AFNetworking.m in Sources */,
				7BDD54A51A3E9A2C0063E768 /* AFURLRequestSerialization.m in Sources */,
				7BDD54A41A3E9A2C0063E768 /* AFURLConnectionOperation.m in Sources */,
				7BDD54AB1A3E9A2C0063E768 /* UIButton+AFNetworking.m in Sources */,
				7BDD54A91A3E9A2C0063E768 /* UIActivityIndicatorView+AFNetworking.m in Sources */,
				7BDD54A01A3E9A2C0063E768 /* AFHTTPRequestOperationManager.m in Sources */,
				7B1B31711A400068008AB8C0 /* PostTableViewCell.m in Sources */,
				7BEC697E1A2EB0ED006E2131 /* LVBUIView.m in Sources */,
				7B0A92A51A529A43002BC4BD /* PhoneRegisterViewController.m in Sources */,
				7BEC69721A2EA41F006E2131 /* LVBViewController.m in Sources */,
				7BDD54A31A3E9A2C0063E768 /* AFSecurityPolicy.m in Sources */,
				7B182E381A2C54DB006D16D8 /* main.m in Sources */,
				7BDD54AF1A3E9A2C0063E768 /* UIWebView+AFNetworking.m in Sources */,
				7BEC69841A2ED894006E2131 /* LVBUIButton.m in Sources */,
				7B182E3E1A2C54DB006D16D8 /* LvBan.xcdatamodeld in Sources */,
				7BDD54B91A3ECD980063E768 /* TimelineTestService.m in Sources */,
				7B0A929D1A5250A0002BC4BD /* QQLoginViewController.m in Sources */,
				7BDD54AA1A3E9A2C0063E768 /* UIAlertView+AFNetworking.m in Sources */,
				7BDD54B31A3EAD5A0063E768 /* AFAppDotNetAPIClient.m in Sources */,
			);
			runOnlyForDeploymentPostprocessing = 0;
		};
		7B182E4A1A2C54DC006D16D8 /* Sources */ = {
			isa = PBXSourcesBuildPhase;
			buildActionMask = 2147483647;
			files = (
				7B182E551A2C54DC006D16D8 /* LvBanTests.m in Sources */,
			);
			runOnlyForDeploymentPostprocessing = 0;
		};
/* End PBXSourcesBuildPhase section */

/* Begin PBXTargetDependency section */
		7B182E501A2C54DC006D16D8 /* PBXTargetDependency */ = {
			isa = PBXTargetDependency;
			target = 7B182E311A2C54DB006D16D8 /* LvBan */;
			targetProxy = 7B182E4F1A2C54DC006D16D8 /* PBXContainerItemProxy */;
		};
/* End PBXTargetDependency section */

/* Begin PBXVariantGroup section */
		7B182E471A2C54DB006D16D8 /* LaunchScreen.xib */ = {
			isa = PBXVariantGroup;
			children = (
				7B182E481A2C54DB006D16D8 /* Base */,
			);
			name = LaunchScreen.xib;
			sourceTree = "<group>";
		};
/* End PBXVariantGroup section */

/* Begin XCBuildConfiguration section */
		7B182E561A2C54DC006D16D8 /* Debug */ = {
			isa = XCBuildConfiguration;
			buildSettings = {
				ALWAYS_SEARCH_USER_PATHS = NO;
				ARCHS = "$(ARCHS_STANDARD_32_BIT)";
				CLANG_CXX_LANGUAGE_STANDARD = "gnu++0x";
				CLANG_CXX_LIBRARY = "libc++";
				CLANG_ENABLE_MODULES = YES;
				CLANG_ENABLE_OBJC_ARC = YES;
				CLANG_WARN_BOOL_CONVERSION = YES;
				CLANG_WARN_CONSTANT_CONVERSION = YES;
				CLANG_WARN_DIRECT_OBJC_ISA_USAGE = YES_ERROR;
				CLANG_WARN_EMPTY_BODY = YES;
				CLANG_WARN_ENUM_CONVERSION = YES;
				CLANG_WARN_INT_CONVERSION = YES;
				CLANG_WARN_OBJC_ROOT_CLASS = YES_ERROR;
				CLANG_WARN_UNREACHABLE_CODE = YES;
				CLANG_WARN__DUPLICATE_METHOD_MATCH = YES;
				"CODE_SIGN_IDENTITY[sdk=iphoneos*]" = "iPhone Developer";
				COPY_PHASE_STRIP = NO;
				ENABLE_STRICT_OBJC_MSGSEND = YES;
				GCC_C_LANGUAGE_STANDARD = gnu99;
				GCC_DYNAMIC_NO_PIC = NO;
				GCC_OPTIMIZATION_LEVEL = 0;
				GCC_PREPROCESSOR_DEFINITIONS = (
					"DEBUG=1",
					"$(inherited)",
				);
				GCC_SYMBOLS_PRIVATE_EXTERN = NO;
				GCC_WARN_64_TO_32_BIT_CONVERSION = YES;
				GCC_WARN_ABOUT_RETURN_TYPE = YES_ERROR;
				GCC_WARN_UNDECLARED_SELECTOR = YES;
				GCC_WARN_UNINITIALIZED_AUTOS = YES_AGGRESSIVE;
				GCC_WARN_UNUSED_FUNCTION = YES;
				GCC_WARN_UNUSED_VARIABLE = YES;
				IPHONEOS_DEPLOYMENT_TARGET = 7.1;
				MTL_ENABLE_DEBUG_INFO = YES;
				ONLY_ACTIVE_ARCH = YES;
				SDKROOT = iphoneos;
				TARGETED_DEVICE_FAMILY = "1,2";
			};
			name = Debug;
		};
		7B182E571A2C54DC006D16D8 /* Release */ = {
			isa = XCBuildConfiguration;
			buildSettings = {
				ALWAYS_SEARCH_USER_PATHS = NO;
				ARCHS = "$(ARCHS_STANDARD_32_BIT)";
				CLANG_CXX_LANGUAGE_STANDARD = "gnu++0x";
				CLANG_CXX_LIBRARY = "libc++";
				CLANG_ENABLE_MODULES = YES;
				CLANG_ENABLE_OBJC_ARC = YES;
				CLANG_WARN_BOOL_CONVERSION = YES;
				CLANG_WARN_CONSTANT_CONVERSION = YES;
				CLANG_WARN_DIRECT_OBJC_ISA_USAGE = YES_ERROR;
				CLANG_WARN_EMPTY_BODY = YES;
				CLANG_WARN_ENUM_CONVERSION = YES;
				CLANG_WARN_INT_CONVERSION = YES;
				CLANG_WARN_OBJC_ROOT_CLASS = YES_ERROR;
				CLANG_WARN_UNREACHABLE_CODE = YES;
				CLANG_WARN__DUPLICATE_METHOD_MATCH = YES;
				"CODE_SIGN_IDENTITY[sdk=iphoneos*]" = "iPhone Developer";
				COPY_PHASE_STRIP = YES;
				ENABLE_NS_ASSERTIONS = NO;
				ENABLE_STRICT_OBJC_MSGSEND = YES;
				GCC_C_LANGUAGE_STANDARD = gnu99;
				GCC_WARN_64_TO_32_BIT_CONVERSION = YES;
				GCC_WARN_ABOUT_RETURN_TYPE = YES_ERROR;
				GCC_WARN_UNDECLARED_SELECTOR = YES;
				GCC_WARN_UNINITIALIZED_AUTOS = YES_AGGRESSIVE;
				GCC_WARN_UNUSED_FUNCTION = YES;
				GCC_WARN_UNUSED_VARIABLE = YES;
				IPHONEOS_DEPLOYMENT_TARGET = 7.1;
				MTL_ENABLE_DEBUG_INFO = NO;
				SDKROOT = iphoneos;
				TARGETED_DEVICE_FAMILY = "1,2";
				VALIDATE_PRODUCT = YES;
			};
			name = Release;
		};
		7B182E591A2C54DC006D16D8 /* Debug */ = {
			isa = XCBuildConfiguration;
			buildSettings = {
				ASSETCATALOG_COMPILER_APPICON_NAME = AppIcon;
				CODE_SIGN_IDENTITY = "iPhone Developer";
				FRAMEWORK_SEARCH_PATHS = (
					"$(inherited)",
					"$(PROJECT_DIR)",
				);
				GCC_PREFIX_HEADER = "$(SRCROOT)/LvBan/PrefixHeader.pch";
				INFOPLIST_FILE = LvBan/Info.plist;
				IPHONEOS_DEPLOYMENT_TARGET = 7.0;
				LD_RUNPATH_SEARCH_PATHS = "$(inherited) @executable_path/Frameworks";
				OTHER_LDFLAGS = "-fobjc-arc";
				PRODUCT_NAME = "$(TARGET_NAME)";
			};
			name = Debug;
		};
		7B182E5A1A2C54DC006D16D8 /* Release */ = {
			isa = XCBuildConfiguration;
			buildSettings = {
				ASSETCATALOG_COMPILER_APPICON_NAME = AppIcon;
				CODE_SIGN_IDENTITY = "iPhone Developer";
				FRAMEWORK_SEARCH_PATHS = (
					"$(inherited)",
					"$(PROJECT_DIR)",
				);
				GCC_PREFIX_HEADER = "$(SRCROOT)/LvBan/PrefixHeader.pch";
				INFOPLIST_FILE = LvBan/Info.plist;
				IPHONEOS_DEPLOYMENT_TARGET = 7.0;
				LD_RUNPATH_SEARCH_PATHS = "$(inherited) @executable_path/Frameworks";
				OTHER_LDFLAGS = "-fobjc-arc";
				PRODUCT_NAME = "$(TARGET_NAME)";
			};
			name = Release;
		};
		7B182E5C1A2C54DC006D16D8 /* Debug */ = {
			isa = XCBuildConfiguration;
			buildSettings = {
				BUNDLE_LOADER = "$(TEST_HOST)";
				FRAMEWORK_SEARCH_PATHS = (
					"$(SDKROOT)/Developer/Library/Frameworks",
					"$(inherited)",
				);
				GCC_PREPROCESSOR_DEFINITIONS = (
					"DEBUG=1",
					"$(inherited)",
				);
				INFOPLIST_FILE = LvBanTests/Info.plist;
				LD_RUNPATH_SEARCH_PATHS = "$(inherited) @executable_path/Frameworks @loader_path/Frameworks";
				PRODUCT_NAME = "$(TARGET_NAME)";
				TEST_HOST = "$(BUILT_PRODUCTS_DIR)/LvBan.app/LvBan";
			};
			name = Debug;
		};
		7B182E5D1A2C54DC006D16D8 /* Release */ = {
			isa = XCBuildConfiguration;
			buildSettings = {
				BUNDLE_LOADER = "$(TEST_HOST)";
				FRAMEWORK_SEARCH_PATHS = (
					"$(SDKROOT)/Developer/Library/Frameworks",
					"$(inherited)",
				);
				INFOPLIST_FILE = LvBanTests/Info.plist;
				LD_RUNPATH_SEARCH_PATHS = "$(inherited) @executable_path/Frameworks @loader_path/Frameworks";
				PRODUCT_NAME = "$(TARGET_NAME)";
				TEST_HOST = "$(BUILT_PRODUCTS_DIR)/LvBan.app/LvBan";
			};
			name = Release;
		};
/* End XCBuildConfiguration section */

/* Begin XCConfigurationList section */
		7B182E2D1A2C54DB006D16D8 /* Build configuration list for PBXProject "LvBan" */ = {
			isa = XCConfigurationList;
			buildConfigurations = (
				7B182E561A2C54DC006D16D8 /* Debug */,
				7B182E571A2C54DC006D16D8 /* Release */,
			);
			defaultConfigurationIsVisible = 0;
			defaultConfigurationName = Release;
		};
		7B182E581A2C54DC006D16D8 /* Build configuration list for PBXNativeTarget "LvBan" */ = {
			isa = XCConfigurationList;
			buildConfigurations = (
				7B182E591A2C54DC006D16D8 /* Debug */,
				7B182E5A1A2C54DC006D16D8 /* Release */,
			);
			defaultConfigurationIsVisible = 0;
			defaultConfigurationName = Release;
		};
		7B182E5B1A2C54DC006D16D8 /* Build configuration list for PBXNativeTarget "LvBanTests" */ = {
			isa = XCConfigurationList;
			buildConfigurations = (
				7B182E5C1A2C54DC006D16D8 /* Debug */,
				7B182E5D1A2C54DC006D16D8 /* Release */,
			);
			defaultConfigurationIsVisible = 0;
			defaultConfigurationName = Release;
		};
/* End XCConfigurationList section */

/* Begin XCVersionGroup section */
		7B182E3C1A2C54DB006D16D8 /* LvBan.xcdatamodeld */ = {
			isa = XCVersionGroup;
			children = (
				7B182E3D1A2C54DB006D16D8 /* LvBan.xcdatamodel */,
			);
			currentVersion = 7B182E3D1A2C54DB006D16D8 /* LvBan.xcdatamodel */;
			path = LvBan.xcdatamodeld;
			sourceTree = "<group>";
			versionGroupType = wrapper.xcdatamodel;
		};
/* End XCVersionGroup section */
	};
	rootObject = 7B182E2A1A2C54DB006D16D8 /* Project object */;
}
